
Microsoft Visual Studio Solution File, Format Version 12.00
# Visual Studio Version 17
VisualStudioVersion = 17.14.36310.24 d17.14
MinimumVisualStudioVersion = 10.0.40219.1
Project("{FAE04EC0-301F-11D3-BF4B-00C04F79EFBC}") = "ConsoleApp1", "ConsoleApp1.csproj", "{430C2028-D110-4D3F-AF64-E88C145C5662}"
EndProject
Global
	GlobalSection(SolutionConfigurationPlatforms) = preSolution
		Debug|Any CPU = Debug|Any CPU
		Release|Any CPU = Release|Any CPU
	EndGlobalSection
	GlobalSection(ProjectConfigurationPlatforms) = postSolution
		{430C2028-D110-4D3F-AF64-E88C145C5662}.Debug|Any CPU.ActiveCfg = Debug|Any CPU
		{430C2028-D110-4D3F-AF64-E88C145C5662}.Debug|Any CPU.Build.0 = Debug|Any CPU
		{430C2028-D110-4D3F-AF64-E88C145C5662}.Release|Any CPU.ActiveCfg = Release|Any CPU
		{430C2028-D110-4D3F-AF64-E88C145C5662}.Release|Any CPU.Build.0 = Release|Any CPU
	EndGlobalSection
	GlobalSection(SolutionProperties) = preSolution
		HideSolutionNode = FALSE
	EndGlobalSection
	GlobalSection(ExtensibilityGlobals) = postSolution
		SolutionGuid = {9C8717F9-45C7-4E6F-86F7-0F6913BA875B}
	EndGlobalSection
EndGlobal
